
Microsoft Visual Studio Solution File, Format Version 12.00
# Visual Studio 15
VisualStudioVersion = 15.0.27428.2011
MinimumVisualStudioVersion = 10.0.40219.1
Project("{FAE04EC0-301F-11D3-BF4B-00C04F79EFBC}") = "WindowsFormsApp17", "WindowsFormsApp17\WindowsFormsApp17.csproj", "{72683F1E-7221-4332-A19B-F40A9B196A63}"
EndProject
Project("{FAE04EC0-301F-11D3-BF4B-00C04F79EFBC}") = "UCLouvain.BDDSharp", "BDDSharp\UCLouvain.BDDSharp.csproj", "{0F303658-80AD-4637-B587-BD076A80DCF5}"
EndProject
Global
	GlobalSection(SolutionConfigurationPlatforms) = preSolution
		Debug|Any CPU = Debug|Any CPU
		Release|Any CPU = Release|Any CPU
	EndGlobalSection
	GlobalSection(ProjectConfigurationPlatforms) = postSolution
		{72683F1E-7221-4332-A19B-F40A9B196A63}.Debug|Any CPU.ActiveCfg = Debug|Any CPU
		{72683F1E-7221-4332-A19B-F40A9B196A63}.Debug|Any CPU.Build.0 = Debug|Any CPU
		{72683F1E-7221-4332-A19B-F40A9B196A63}.Release|Any CPU.ActiveCfg = Release|Any CPU
		{72683F1E-7221-4332-A19B-F40A9B196A63}.Release|Any CPU.Build.0 = Release|Any CPU
		{0F303658-80AD-4637-B587-BD076A80DCF5}.Debug|Any CPU.ActiveCfg = Debug|Any CPU
		{0F303658-80AD-4637-B587-BD076A80DCF5}.Debug|Any CPU.Build.0 = Debug|Any CPU
		{0F303658-80AD-4637-B587-BD076A80DCF5}.Release|Any CPU.ActiveCfg = Release|Any CPU
		{0F303658-80AD-4637-B587-BD076A80DCF5}.Release|Any CPU.Build.0 = Release|Any CPU
	EndGlobalSection
	GlobalSection(SolutionProperties) = preSolution
		HideSolutionNode = FALSE
	EndGlobalSection
	GlobalSection(ExtensibilityGlobals) = postSolution
		SolutionGuid = {E4949B00-7253-42D9-AF1D-6DFF38E6415A}
	EndGlobalSection
EndGlobal
